
Microsoft Visual Studio Solution File, Format Version 12.00
# Visual Studio Version 17
VisualStudioVersion = 17.2.32616.157
MinimumVisualStudioVersion = 10.0.40219.1
Project("{FAE04EC0-301F-11D3-BF4B-00C04F79EFBC}") = "WpfApp1", "WpfApp1\WpfApp1.csproj", "{6A588A71-0342-4B38-B58A-EBB5E78840D7}"
EndProject
Project("{2150E333-8FDC-42A3-9474-1A3956D46DE8}") = "方案項目", "方案項目", "{8A029739-DAD8-48CE-9BD4-5E3D1E9693C0}"
	ProjectSection(SolutionItems) = preProject
		README.md = README.md
	EndProjectSection
EndProject
Project("{FAE04EC0-301F-11D3-BF4B-00C04F79EFBC}") = "WpfLib", "WpfLib\WpfLib.csproj", "{BEE9B399-2C68-4AE3-A583-CABBC97455C9}"
EndProject
Global
	GlobalSection(SolutionConfigurationPlatforms) = preSolution
		Debug|Any CPU = Debug|Any CPU
		Release|Any CPU = Release|Any CPU
	EndGlobalSection
	GlobalSection(ProjectConfigurationPlatforms) = postSolution
		{6A588A71-0342-4B38-B58A-EBB5E78840D7}.Debug|Any CPU.ActiveCfg = Debug|Any CPU
		{6A588A71-0342-4B38-B58A-EBB5E78840D7}.Debug|Any CPU.Build.0 = Debug|Any CPU
		{6A588A71-0342-4B38-B58A-EBB5E78840D7}.Release|Any CPU.ActiveCfg = Release|Any CPU
		{6A588A71-0342-4B38-B58A-EBB5E78840D7}.Release|Any CPU.Build.0 = Release|Any CPU
		{BEE9B399-2C68-4AE3-A583-CABBC97455C9}.Debug|Any CPU.ActiveCfg = Debug|Any CPU
		{BEE9B399-2C68-4AE3-A583-CABBC97455C9}.Debug|Any CPU.Build.0 = Debug|Any CPU
		{BEE9B399-2C68-4AE3-A583-CABBC97455C9}.Release|Any CPU.ActiveCfg = Release|Any CPU
		{BEE9B399-2C68-4AE3-A583-CABBC97455C9}.Release|Any CPU.Build.0 = Release|Any CPU
	EndGlobalSection
	GlobalSection(SolutionProperties) = preSolution
		HideSolutionNode = FALSE
	EndGlobalSection
	GlobalSection(ExtensibilityGlobals) = postSolution
		SolutionGuid = {D76AA9F8-4039-4F10-A41C-6063BB3A5F5A}
	EndGlobalSection
EndGlobal
